
Microsoft Visual Studio Solution File, Format Version 12.00
# Visual Studio 15
Project("{FAE04EC0-301F-11D3-BF4B-00C04F79EFBC}") = "UnityEngine.TestRunner", "UnityEngine.TestRunner.csproj", "{DD638979-4CF9-39B9-B35A-26959A3C57A1}"
EndProject
Project("{FAE04EC0-301F-11D3-BF4B-00C04F79EFBC}") = "Unity.Mathematics", "Unity.Mathematics.csproj", "{B16DB8B0-848A-2910-0309-33CC30798EC3}"
EndProject
Project("{FAE04EC0-301F-11D3-BF4B-00C04F79EFBC}") = "Unity.2D.Animation.Triangle.Runtime", "Unity.2D.Animation.Triangle.Runtime.csproj", "{0FB8AB07-9630-25CA-E8EF-C7BECAB40140}"
EndProject
Project("{FAE04EC0-301F-11D3-BF4B-00C04F79EFBC}") = "Unity.Timeline", "Unity.Timeline.csproj", "{7B9DE5E7-42E7-90F0-D9AD-5950A5BAC5CE}"
EndProject
Project("{FAE04EC0-301F-11D3-BF4B-00C04F79EFBC}") = "UnityEngine.UI", "UnityEngine.UI.csproj", "{B554DAC8-4BCE-F254-32A3-DC33590B88A0}"
EndProject
Project("{FAE04EC0-301F-11D3-BF4B-00C04F79EFBC}") = "Cinemachine", "Cinemachine.csproj", "{201EDBC0-2EB9-E825-5AD6-F8383D55BBA7}"
EndProject
Project("{FAE04EC0-301F-11D3-BF4B-00C04F79EFBC}") = "Assembly-CSharp", "Assembly-CSharp.csproj", "{5AD42C0D-876F-A350-B904-0408A30C3710}"
EndProject
Project("{FAE04EC0-301F-11D3-BF4B-00C04F79EFBC}") = "Unity.TextMeshPro", "Unity.TextMeshPro.csproj", "{BD721FA4-DDBF-BE84-A2A5-F3C14ED6FF70}"
EndProject
Project("{FAE04EC0-301F-11D3-BF4B-00C04F79EFBC}") = "Unity.2D.Animation.Runtime", "Unity.2D.Animation.Runtime.csproj", "{2DC83F0D-3814-1235-B738-8A753AFD6131}"
EndProject
Project("{FAE04EC0-301F-11D3-BF4B-00C04F79EFBC}") = "Unity.2D.IK.Runtime", "Unity.2D.IK.Runtime.csproj", "{1A5970DF-E809-A45A-7FB4-47A72A7C78F3}"
EndProject
Project("{FAE04EC0-301F-11D3-BF4B-00C04F79EFBC}") = "Unity.2D.SpriteShape.Runtime", "Unity.2D.SpriteShape.Runtime.csproj", "{20419FCC-3C17-2861-9F0F-26E4E8D48DC6}"
EndProject
Project("{FAE04EC0-301F-11D3-BF4B-00C04F79EFBC}") = "Unity.2D.PixelPerfect", "Unity.2D.PixelPerfect.csproj", "{3A61B51F-173B-29D2-28AE-D08217F545E6}"
EndProject
Project("{FAE04EC0-301F-11D3-BF4B-00C04F79EFBC}") = "Unity.2D.Common.Runtime", "Unity.2D.Common.Runtime.csproj", "{D085CE2D-7378-3A69-F966-3AE12F312F22}"
EndProject
Project("{FAE04EC0-301F-11D3-BF4B-00C04F79EFBC}") = "Unity.InternalAPIEngineBridge.001", "Unity.InternalAPIEngineBridge.001.csproj", "{91A9F89A-E7AF-E71E-F927-F106B99B13F1}"
EndProject
Project("{FAE04EC0-301F-11D3-BF4B-00C04F79EFBC}") = "UnityEditor.TestRunner", "UnityEditor.TestRunner.csproj", "{38C627F9-DE6C-D328-635E-BD0160BE4AE4}"
EndProject
Project("{FAE04EC0-301F-11D3-BF4B-00C04F79EFBC}") = "Unity.PlasticSCM.Editor", "Unity.PlasticSCM.Editor.csproj", "{996C47BA-5365-C8E2-2FBD-D174890D5E52}"
EndProject
Project("{FAE04EC0-301F-11D3-BF4B-00C04F79EFBC}") = "UnityEditor.UI", "UnityEditor.UI.csproj", "{EA7BB10E-770E-ABE8-E387-8E3F18E26F78}"
EndProject
Project("{FAE04EC0-301F-11D3-BF4B-00C04F79EFBC}") = "Unity.Timeline.Editor", "Unity.Timeline.Editor.csproj", "{96F54184-8282-CF7F-1A14-A3D82CA2E4C9}"
EndProject
Project("{FAE04EC0-301F-11D3-BF4B-00C04F79EFBC}") = "Unity.VisualStudio.Editor", "Unity.VisualStudio.Editor.csproj", "{D6ECCD6E-6B8A-58E6-B701-7EAAA8B677F9}"
EndProject
Project("{FAE04EC0-301F-11D3-BF4B-00C04F79EFBC}") = "com.unity.cinemachine.editor", "com.unity.cinemachine.editor.csproj", "{0DE05F7C-521E-C595-5C6F-45A648BB7769}"
EndProject
Project("{FAE04EC0-301F-11D3-BF4B-00C04F79EFBC}") = "Unity.2D.Psdimporter.Editor", "Unity.2D.Psdimporter.Editor.csproj", "{B3A9D231-BA48-0E79-F560-08FDFE700C7C}"
EndProject
Project("{FAE04EC0-301F-11D3-BF4B-00C04F79EFBC}") = "Unity.2D.Animation.Editor", "Unity.2D.Animation.Editor.csproj", "{73843382-539C-DB15-4207-7CCB2348B66D}"
EndProject
Project("{FAE04EC0-301F-11D3-BF4B-00C04F79EFBC}") = "Unity.TextMeshPro.Editor", "Unity.TextMeshPro.Editor.csproj", "{1F1C701A-1E55-B18C-7FA6-53B502F1E058}"
EndProject
Project("{FAE04EC0-301F-11D3-BF4B-00C04F79EFBC}") = "Unity.2D.SpriteShape.Editor", "Unity.2D.SpriteShape.Editor.csproj", "{3461895C-E30B-EF94-032B-99CD30AD5ABB}"
EndProject
Project("{FAE04EC0-301F-11D3-BF4B-00C04F79EFBC}") = "Unity.CollabProxy.Editor", "Unity.CollabProxy.Editor.csproj", "{B462D307-D298-5674-BDB8-029957D12A0C}"
EndProject
Project("{FAE04EC0-301F-11D3-BF4B-00C04F79EFBC}") = "PsdPlugin", "PsdPlugin.csproj", "{FA8F9B59-463C-D550-A3AE-9AC6603D4F42}"
EndProject
Project("{FAE04EC0-301F-11D3-BF4B-00C04F79EFBC}") = "Unity.2D.Path.Editor", "Unity.2D.Path.Editor.csproj", "{4A2E5896-E97F-C4DD-52BB-D33CB5480D6C}"
EndProject
Project("{FAE04EC0-301F-11D3-BF4B-00C04F79EFBC}") = "Unity.Rider.Editor", "Unity.Rider.Editor.csproj", "{71EFEB37-D4C8-C6FF-5CD0-6DE1085E63C9}"
EndProject
Project("{FAE04EC0-301F-11D3-BF4B-00C04F79EFBC}") = "Unity.2D.IK.Editor", "Unity.2D.IK.Editor.csproj", "{D87AB17E-4FB2-107F-6B85-2CD81EF748A3}"
EndProject
Project("{FAE04EC0-301F-11D3-BF4B-00C04F79EFBC}") = "Unity.2D.Sprite.Editor", "Unity.2D.Sprite.Editor.csproj", "{4D3EB3F4-044E-16B3-72B7-0C9F7BAC2A39}"
EndProject
Project("{FAE04EC0-301F-11D3-BF4B-00C04F79EFBC}") = "Unity.2D.Tilemap.Editor", "Unity.2D.Tilemap.Editor.csproj", "{2D82D94C-208A-ED50-56B5-8F67743FA348}"
EndProject
Project("{FAE04EC0-301F-11D3-BF4B-00C04F79EFBC}") = "Unity.2D.PixelPerfect.Editor", "Unity.2D.PixelPerfect.Editor.csproj", "{D42EA45D-02A8-53C0-67A1-5DE875E25C58}"
EndProject
Project("{FAE04EC0-301F-11D3-BF4B-00C04F79EFBC}") = "Unity.VSCode.Editor", "Unity.VSCode.Editor.csproj", "{ACFF5A4D-6A92-D0B5-A157-83E7B72358ED}"
EndProject
Project("{FAE04EC0-301F-11D3-BF4B-00C04F79EFBC}") = "Unity.2D.Common.Editor", "Unity.2D.Common.Editor.csproj", "{82E5EE06-3EA9-48FA-657B-CC8E57BCDBE3}"
EndProject
Project("{FAE04EC0-301F-11D3-BF4B-00C04F79EFBC}") = "Unity.Mathematics.Editor", "Unity.Mathematics.Editor.csproj", "{58CCD1B1-3242-2D99-C8BB-48581320E6EA}"
EndProject
Project("{FAE04EC0-301F-11D3-BF4B-00C04F79EFBC}") = "Unity.InternalAPIEditorBridge.001", "Unity.InternalAPIEditorBridge.001.csproj", "{FA14F7D4-9F95-3AA0-DE8E-F880398F03DC}"
EndProject
Project("{FAE04EC0-301F-11D3-BF4B-00C04F79EFBC}") = "UnityEngine.TestRunner", "UnityEngine.TestRunner.Player.csproj", "{30317620-4B9F-68D0-FFBE-15876F5D2A05}"
EndProject
Project("{FAE04EC0-301F-11D3-BF4B-00C04F79EFBC}") = "Unity.Mathematics", "Unity.Mathematics.Player.csproj", "{421CAEF3-4194-6896-0D74-065A16AA97BB}"
EndProject
Project("{FAE04EC0-301F-11D3-BF4B-00C04F79EFBC}") = "Unity.2D.Animation.Triangle.Runtime", "Unity.2D.Animation.Triangle.Runtime.Player.csproj", "{85B39F35-2ACB-DA03-E345-6D2FDB596796}"
EndProject
Project("{FAE04EC0-301F-11D3-BF4B-00C04F79EFBC}") = "Unity.Timeline", "Unity.Timeline.Player.csproj", "{54AFFBD8-F54D-469D-8C26-CF079993C9FB}"
EndProject
Project("{FAE04EC0-301F-11D3-BF4B-00C04F79EFBC}") = "UnityEngine.UI", "UnityEngine.UI.Player.csproj", "{AE904C76-76D4-0261-80AD-2192E6386DC1}"
EndProject
Project("{FAE04EC0-301F-11D3-BF4B-00C04F79EFBC}") = "Cinemachine", "Cinemachine.Player.csproj", "{4422B4BA-CC62-9299-BCEF-6CBFFEBF1CD8}"
EndProject
Project("{FAE04EC0-301F-11D3-BF4B-00C04F79EFBC}") = "Assembly-CSharp", "Assembly-CSharp.Player.csproj", "{BEC32EEB-8CEE-AAE3-6FF6-7A64868E36E7}"
EndProject
Project("{FAE04EC0-301F-11D3-BF4B-00C04F79EFBC}") = "Unity.TextMeshPro", "Unity.TextMeshPro.Player.csproj", "{9DAAC886-D342-1994-5AE1-61F8C87C47DA}"
EndProject
Project("{FAE04EC0-301F-11D3-BF4B-00C04F79EFBC}") = "Unity.2D.Animation.Runtime", "Unity.2D.Animation.Runtime.Player.csproj", "{9D73B7CE-6569-6E9B-4B8B-E314A7796E90}"
EndProject
Project("{FAE04EC0-301F-11D3-BF4B-00C04F79EFBC}") = "Unity.2D.IK.Runtime", "Unity.2D.IK.Runtime.Player.csproj", "{B1B2A4BF-1EA0-79CB-0599-9FB820D17CE0}"
EndProject
Project("{FAE04EC0-301F-11D3-BF4B-00C04F79EFBC}") = "Unity.2D.SpriteShape.Runtime", "Unity.2D.SpriteShape.Runtime.Player.csproj", "{C707B2AC-EF69-5FC1-637A-8BBAEC2C7681}"
EndProject
Project("{FAE04EC0-301F-11D3-BF4B-00C04F79EFBC}") = "Unity.2D.PixelPerfect", "Unity.2D.PixelPerfect.Player.csproj", "{49D5FCF2-7DC5-9DEC-3485-6257142E402F}"
EndProject
Project("{FAE04EC0-301F-11D3-BF4B-00C04F79EFBC}") = "Unity.2D.Common.Runtime", "Unity.2D.Common.Runtime.Player.csproj", "{821C05B7-AB53-A9BE-B3BE-61B4424EB8CC}"
EndProject
Project("{FAE04EC0-301F-11D3-BF4B-00C04F79EFBC}") = "Unity.InternalAPIEngineBridge.001", "Unity.InternalAPIEngineBridge.001.Player.csproj", "{9E492BAC-C645-F209-DB02-EFE8393092A5}"
EndProject
Global
	GlobalSection(SolutionConfigurationPlatforms) = preSolution
		Debug|Any CPU = Debug|Any CPU
		Release|Any CPU = Release|Any CPU
	EndGlobalSection
	GlobalSection(ProjectConfigurationPlatforms) = postSolution
		{DD638979-4CF9-39B9-B35A-26959A3C57A1}.Debug|Any CPU.ActiveCfg = Debug|Any CPU
		{DD638979-4CF9-39B9-B35A-26959A3C57A1}.Debug|Any CPU.Build.0 = Debug|Any CPU
		{DD638979-4CF9-39B9-B35A-26959A3C57A1}.Release|Any CPU.ActiveCfg = Release|Any CPU
		{DD638979-4CF9-39B9-B35A-26959A3C57A1}.Release|Any CPU.Build.0 = Release|Any CPU
		{B16DB8B0-848A-2910-0309-33CC30798EC3}.Debug|Any CPU.ActiveCfg = Debug|Any CPU
		{B16DB8B0-848A-2910-0309-33CC30798EC3}.Debug|Any CPU.Build.0 = Debug|Any CPU
		{B16DB8B0-848A-2910-0309-33CC30798EC3}.Release|Any CPU.ActiveCfg = Release|Any CPU
		{B16DB8B0-848A-2910-0309-33CC30798EC3}.Release|Any CPU.Build.0 = Release|Any CPU
		{0FB8AB07-9630-25CA-E8EF-C7BECAB40140}.Debug|Any CPU.ActiveCfg = Debug|Any CPU
		{0FB8AB07-9630-25CA-E8EF-C7BECAB40140}.Debug|Any CPU.Build.0 = Debug|Any CPU
		{0FB8AB07-9630-25CA-E8EF-C7BECAB40140}.Release|Any CPU.ActiveCfg = Release|Any CPU
		{0FB8AB07-9630-25CA-E8EF-C7BECAB40140}.Release|Any CPU.Build.0 = Release|Any CPU
		{7B9DE5E7-42E7-90F0-D9AD-5950A5BAC5CE}.Debug|Any CPU.ActiveCfg = Debug|Any CPU
		{7B9DE5E7-42E7-90F0-D9AD-5950A5BAC5CE}.Debug|Any CPU.Build.0 = Debug|Any CPU
		{7B9DE5E7-42E7-90F0-D9AD-5950A5BAC5CE}.Release|Any CPU.ActiveCfg = Release|Any CPU
		{7B9DE5E7-42E7-90F0-D9AD-5950A5BAC5CE}.Release|Any CPU.Build.0 = Release|Any CPU
		{B554DAC8-4BCE-F254-32A3-DC33590B88A0}.Debug|Any CPU.ActiveCfg = Debug|Any CPU
		{B554DAC8-4BCE-F254-32A3-DC33590B88A0}.Debug|Any CPU.Build.0 = Debug|Any CPU
		{B554DAC8-4BCE-F254-32A3-DC33590B88A0}.Release|Any CPU.ActiveCfg = Release|Any CPU
		{B554DAC8-4BCE-F254-32A3-DC33590B88A0}.Release|Any CPU.Build.0 = Release|Any CPU
		{201EDBC0-2EB9-E825-5AD6-F8383D55BBA7}.Debug|Any CPU.ActiveCfg = Debug|Any CPU
		{201EDBC0-2EB9-E825-5AD6-F8383D55BBA7}.Debug|Any CPU.Build.0 = Debug|Any CPU
		{201EDBC0-2EB9-E825-5AD6-F8383D55BBA7}.Release|Any CPU.ActiveCfg = Release|Any CPU
		{201EDBC0-2EB9-E825-5AD6-F8383D55BBA7}.Release|Any CPU.Build.0 = Release|Any CPU
		{5AD42C0D-876F-A350-B904-0408A30C3710}.Debug|Any CPU.ActiveCfg = Debug|Any CPU
		{5AD42C0D-876F-A350-B904-0408A30C3710}.Debug|Any CPU.Build.0 = Debug|Any CPU
		{5AD42C0D-876F-A350-B904-0408A30C3710}.Release|Any CPU.ActiveCfg = Release|Any CPU
		{5AD42C0D-876F-A350-B904-0408A30C3710}.Release|Any CPU.Build.0 = Release|Any CPU
		{BD721FA4-DDBF-BE84-A2A5-F3C14ED6FF70}.Debug|Any CPU.ActiveCfg = Debug|Any CPU
		{BD721FA4-DDBF-BE84-A2A5-F3C14ED6FF70}.Debug|Any CPU.Build.0 = Debug|Any CPU
		{BD721FA4-DDBF-BE84-A2A5-F3C14ED6FF70}.Release|Any CPU.ActiveCfg = Release|Any CPU
		{BD721FA4-DDBF-BE84-A2A5-F3C14ED6FF70}.Release|Any CPU.Build.0 = Release|Any CPU
		{2DC83F0D-3814-1235-B738-8A753AFD6131}.Debug|Any CPU.ActiveCfg = Debug|Any CPU
		{2DC83F0D-3814-1235-B738-8A753AFD6131}.Debug|Any CPU.Build.0 = Debug|Any CPU
		{2DC83F0D-3814-1235-B738-8A753AFD6131}.Release|Any CPU.ActiveCfg = Release|Any CPU
		{2DC83F0D-3814-1235-B738-8A753AFD6131}.Release|Any CPU.Build.0 = Release|Any CPU
		{1A5970DF-E809-A45A-7FB4-47A72A7C78F3}.Debug|Any CPU.ActiveCfg = Debug|Any CPU
		{1A5970DF-E809-A45A-7FB4-47A72A7C78F3}.Debug|Any CPU.Build.0 = Debug|Any CPU
		{1A5970DF-E809-A45A-7FB4-47A72A7C78F3}.Release|Any CPU.ActiveCfg = Release|Any CPU
		{1A5970DF-E809-A45A-7FB4-47A72A7C78F3}.Release|Any CPU.Build.0 = Release|Any CPU
		{20419FCC-3C17-2861-9F0F-26E4E8D48DC6}.Debug|Any CPU.ActiveCfg = Debug|Any CPU
		{20419FCC-3C17-2861-9F0F-26E4E8D48DC6}.Debug|Any CPU.Build.0 = Debug|Any CPU
		{20419FCC-3C17-2861-9F0F-26E4E8D48DC6}.Release|Any CPU.ActiveCfg = Release|Any CPU
		{20419FCC-3C17-2861-9F0F-26E4E8D48DC6}.Release|Any CPU.Build.0 = Release|Any CPU
		{3A61B51F-173B-29D2-28AE-D08217F545E6}.Debug|Any CPU.ActiveCfg = Debug|Any CPU
		{3A61B51F-173B-29D2-28AE-D08217F545E6}.Debug|Any CPU.Build.0 = Debug|Any CPU
		{3A61B51F-173B-29D2-28AE-D08217F545E6}.Release|Any CPU.ActiveCfg = Release|Any CPU
		{3A61B51F-173B-29D2-28AE-D08217F545E6}.Release|Any CPU.Build.0 = Release|Any CPU
		{D085CE2D-7378-3A69-F966-3AE12F312F22}.Debug|Any CPU.ActiveCfg = Debug|Any CPU
		{D085CE2D-7378-3A69-F966-3AE12F312F22}.Debug|Any CPU.Build.0 = Debug|Any CPU
		{D085CE2D-7378-3A69-F966-3AE12F312F22}.Release|Any CPU.ActiveCfg = Release|Any CPU
		{D085CE2D-7378-3A69-F966-3AE12F312F22}.Release|Any CPU.Build.0 = Release|Any CPU
		{91A9F89A-E7AF-E71E-F927-F106B99B13F1}.Debug|Any CPU.ActiveCfg = Debug|Any CPU
		{91A9F89A-E7AF-E71E-F927-F106B99B13F1}.Debug|Any CPU.Build.0 = Debug|Any CPU
		{91A9F89A-E7AF-E71E-F927-F106B99B13F1}.Release|Any CPU.ActiveCfg = Release|Any CPU
		{91A9F89A-E7AF-E71E-F927-F106B99B13F1}.Release|Any CPU.Build.0 = Release|Any CPU
		{38C627F9-DE6C-D328-635E-BD0160BE4AE4}.Debug|Any CPU.ActiveCfg = Debug|Any CPU
		{38C627F9-DE6C-D328-635E-BD0160BE4AE4}.Debug|Any CPU.Build.0 = Debug|Any CPU
		{38C627F9-DE6C-D328-635E-BD0160BE4AE4}.Release|Any CPU.ActiveCfg = Release|Any CPU
		{38C627F9-DE6C-D328-635E-BD0160BE4AE4}.Release|Any CPU.Build.0 = Release|Any CPU
		{996C47BA-5365-C8E2-2FBD-D174890D5E52}.Debug|Any CPU.ActiveCfg = Debug|Any CPU
		{996C47BA-5365-C8E2-2FBD-D174890D5E52}.Debug|Any CPU.Build.0 = Debug|Any CPU
		{996C47BA-5365-C8E2-2FBD-D174890D5E52}.Release|Any CPU.ActiveCfg = Release|Any CPU
		{996C47BA-5365-C8E2-2FBD-D174890D5E52}.Release|Any CPU.Build.0 = Release|Any CPU
		{EA7BB10E-770E-ABE8-E387-8E3F18E26F78}.Debug|Any CPU.ActiveCfg = Debug|Any CPU
		{EA7BB10E-770E-ABE8-E387-8E3F18E26F78}.Debug|Any CPU.Build.0 = Debug|Any CPU
		{EA7BB10E-770E-ABE8-E387-8E3F18E26F78}.Release|Any CPU.ActiveCfg = Release|Any CPU
		{EA7BB10E-770E-ABE8-E387-8E3F18E26F78}.Release|Any CPU.Build.0 = Release|Any CPU
		{96F54184-8282-CF7F-1A14-A3D82CA2E4C9}.Debug|Any CPU.ActiveCfg = Debug|Any CPU
		{96F54184-8282-CF7F-1A14-A3D82CA2E4C9}.Debug|Any CPU.Build.0 = Debug|Any CPU
		{96F54184-8282-CF7F-1A14-A3D82CA2E4C9}.Release|Any CPU.ActiveCfg = Release|Any CPU
		{96F54184-8282-CF7F-1A14-A3D82CA2E4C9}.Release|Any CPU.Build.0 = Release|Any CPU
		{D6ECCD6E-6B8A-58E6-B701-7EAAA8B677F9}.Debug|Any CPU.ActiveCfg = Debug|Any CPU
		{D6ECCD6E-6B8A-58E6-B701-7EAAA8B677F9}.Debug|Any CPU.Build.0 = Debug|Any CPU
		{D6ECCD6E-6B8A-58E6-B701-7EAAA8B677F9}.Release|Any CPU.ActiveCfg = Release|Any CPU
		{D6ECCD6E-6B8A-58E6-B701-7EAAA8B677F9}.Release|Any CPU.Build.0 = Release|Any CPU
		{0DE05F7C-521E-C595-5C6F-45A648BB7769}.Debug|Any CPU.ActiveCfg = Debug|Any CPU
		{0DE05F7C-521E-C595-5C6F-45A648BB7769}.Debug|Any CPU.Build.0 = Debug|Any CPU
		{0DE05F7C-521E-C595-5C6F-45A648BB7769}.Release|Any CPU.ActiveCfg = Release|Any CPU
		{0DE05F7C-521E-C595-5C6F-45A648BB7769}.Release|Any CPU.Build.0 = Release|Any CPU
		{B3A9D231-BA48-0E79-F560-08FDFE700C7C}.Debug|Any CPU.ActiveCfg = Debug|Any CPU
		{B3A9D231-BA48-0E79-F560-08FDFE700C7C}.Debug|Any CPU.Build.0 = Debug|Any CPU
		{B3A9D231-BA48-0E79-F560-08FDFE700C7C}.Release|Any CPU.ActiveCfg = Release|Any CPU
		{B3A9D231-BA48-0E79-F560-08FDFE700C7C}.Release|Any CPU.Build.0 = Release|Any CPU
		{73843382-539C-DB15-4207-7CCB2348B66D}.Debug|Any CPU.ActiveCfg = Debug|Any CPU
		{73843382-539C-DB15-4207-7CCB2348B66D}.Debug|Any CPU.Build.0 = Debug|Any CPU
		{73843382-539C-DB15-4207-7CCB2348B66D}.Release|Any CPU.ActiveCfg = Release|Any CPU
		{73843382-539C-DB15-4207-7CCB2348B66D}.Release|Any CPU.Build.0 = Release|Any CPU
		{1F1C701A-1E55-B18C-7FA6-53B502F1E058}.Debug|Any CPU.ActiveCfg = Debug|Any CPU
		{1F1C701A-1E55-B18C-7FA6-53B502F1E058}.Debug|Any CPU.Build.0 = Debug|Any CPU
		{1F1C701A-1E55-B18C-7FA6-53B502F1E058}.Release|Any CPU.ActiveCfg = Release|Any CPU
		{1F1C701A-1E55-B18C-7FA6-53B502F1E058}.Release|Any CPU.Build.0 = Release|Any CPU
		{3461895C-E30B-EF94-032B-99CD30AD5ABB}.Debug|Any CPU.ActiveCfg = Debug|Any CPU
		{3461895C-E30B-EF94-032B-99CD30AD5ABB}.Debug|Any CPU.Build.0 = Debug|Any CPU
		{3461895C-E30B-EF94-032B-99CD30AD5ABB}.Release|Any CPU.ActiveCfg = Release|Any CPU
		{3461895C-E30B-EF94-032B-99CD30AD5ABB}.Release|Any CPU.Build.0 = Release|Any CPU
		{B462D307-D298-5674-BDB8-029957D12A0C}.Debug|Any CPU.ActiveCfg = Debug|Any CPU
		{B462D307-D298-5674-BDB8-029957D12A0C}.Debug|Any CPU.Build.0 = Debug|Any CPU
		{B462D307-D298-5674-BDB8-029957D12A0C}.Release|Any CPU.ActiveCfg = Release|Any CPU
		{B462D307-D298-5674-BDB8-029957D12A0C}.Release|Any CPU.Build.0 = Release|Any CPU
		{FA8F9B59-463C-D550-A3AE-9AC6603D4F42}.Debug|Any CPU.ActiveCfg = Debug|Any CPU
		{FA8F9B59-463C-D550-A3AE-9AC6603D4F42}.Debug|Any CPU.Build.0 = Debug|Any CPU
		{FA8F9B59-463C-D550-A3AE-9AC6603D4F42}.Release|Any CPU.ActiveCfg = Release|Any CPU
		{FA8F9B59-463C-D550-A3AE-9AC6603D4F42}.Release|Any CPU.Build.0 = Release|Any CPU
		{4A2E5896-E97F-C4DD-52BB-D33CB5480D6C}.Debug|Any CPU.ActiveCfg = Debug|Any CPU
		{4A2E5896-E97F-C4DD-52BB-D33CB5480D6C}.Debug|Any CPU.Build.0 = Debug|Any CPU
		{4A2E5896-E97F-C4DD-52BB-D33CB5480D6C}.Release|Any CPU.ActiveCfg = Release|Any CPU
		{4A2E5896-E97F-C4DD-52BB-D33CB5480D6C}.Release|Any CPU.Build.0 = Release|Any CPU
		{71EFEB37-D4C8-C6FF-5CD0-6DE1085E63C9}.Debug|Any CPU.ActiveCfg = Debug|Any CPU
		{71EFEB37-D4C8-C6FF-5CD0-6DE1085E63C9}.Debug|Any CPU.Build.0 = Debug|Any CPU
		{71EFEB37-D4C8-C6FF-5CD0-6DE1085E63C9}.Release|Any CPU.ActiveCfg = Release|Any CPU
		{71EFEB37-D4C8-C6FF-5CD0-6DE1085E63C9}.Release|Any CPU.Build.0 = Release|Any CPU
		{D87AB17E-4FB2-107F-6B85-2CD81EF748A3}.Debug|Any CPU.ActiveCfg = Debug|Any CPU
		{D87AB17E-4FB2-107F-6B85-2CD81EF748A3}.Debug|Any CPU.Build.0 = Debug|Any CPU
		{D87AB17E-4FB2-107F-6B85-2CD81EF748A3}.Release|Any CPU.ActiveCfg = Release|Any CPU
		{D87AB17E-4FB2-107F-6B85-2CD81EF748A3}.Release|Any CPU.Build.0 = Release|Any CPU
		{4D3EB3F4-044E-16B3-72B7-0C9F7BAC2A39}.Debug|Any CPU.ActiveCfg = Debug|Any CPU
		{4D3EB3F4-044E-16B3-72B7-0C9F7BAC2A39}.Debug|Any CPU.Build.0 = Debug|Any CPU
		{4D3EB3F4-044E-16B3-72B7-0C9F7BAC2A39}.Release|Any CPU.ActiveCfg = Release|Any CPU
		{4D3EB3F4-044E-16B3-72B7-0C9F7BAC2A39}.Release|Any CPU.Build.0 = Release|Any CPU
		{2D82D94C-208A-ED50-56B5-8F67743FA348}.Debug|Any CPU.ActiveCfg = Debug|Any CPU
		{2D82D94C-208A-ED50-56B5-8F67743FA348}.Debug|Any CPU.Build.0 = Debug|Any CPU
		{2D82D94C-208A-ED50-56B5-8F67743FA348}.Release|Any CPU.ActiveCfg = Release|Any CPU
		{2D82D94C-208A-ED50-56B5-8F67743FA348}.Release|Any CPU.Build.0 = Release|Any CPU
		{D42EA45D-02A8-53C0-67A1-5DE875E25C58}.Debug|Any CPU.ActiveCfg = Debug|Any CPU
		{D42EA45D-02A8-53C0-67A1-5DE875E25C58}.Debug|Any CPU.Build.0 = Debug|Any CPU
		{D42EA45D-02A8-53C0-67A1-5DE875E25C58}.Release|Any CPU.ActiveCfg = Release|Any CPU
		{D42EA45D-02A8-53C0-67A1-5DE875E25C58}.Release|Any CPU.Build.0 = Release|Any CPU
		{ACFF5A4D-6A92-D0B5-A157-83E7B72358ED}.Debug|Any CPU.ActiveCfg = Debug|Any CPU
		{ACFF5A4D-6A92-D0B5-A157-83E7B72358ED}.Debug|Any CPU.Build.0 = Debug|Any CPU
		{ACFF5A4D-6A92-D0B5-A157-83E7B72358ED}.Release|Any CPU.ActiveCfg = Release|Any CPU
		{ACFF5A4D-6A92-D0B5-A157-83E7B72358ED}.Release|Any CPU.Build.0 = Release|Any CPU
		{82E5EE06-3EA9-48FA-657B-CC8E57BCDBE3}.Debug|Any CPU.ActiveCfg = Debug|Any CPU
		{82E5EE06-3EA9-48FA-657B-CC8E57BCDBE3}.Debug|Any CPU.Build.0 = Debug|Any CPU
		{82E5EE06-3EA9-48FA-657B-CC8E57BCDBE3}.Release|Any CPU.ActiveCfg = Release|Any CPU
		{82E5EE06-3EA9-48FA-657B-CC8E57BCDBE3}.Release|Any CPU.Build.0 = Release|Any CPU
		{58CCD1B1-3242-2D99-C8BB-48581320E6EA}.Debug|Any CPU.ActiveCfg = Debug|Any CPU
		{58CCD1B1-3242-2D99-C8BB-48581320E6EA}.Debug|Any CPU.Build.0 = Debug|Any CPU
		{58CCD1B1-3242-2D99-C8BB-48581320E6EA}.Release|Any CPU.ActiveCfg = Release|Any CPU
		{58CCD1B1-3242-2D99-C8BB-48581320E6EA}.Release|Any CPU.Build.0 = Release|Any CPU
		{FA14F7D4-9F95-3AA0-DE8E-F880398F03DC}.Debug|Any CPU.ActiveCfg = Debug|Any CPU
		{FA14F7D4-9F95-3AA0-DE8E-F880398F03DC}.Debug|Any CPU.Build.0 = Debug|Any CPU
		{FA14F7D4-9F95-3AA0-DE8E-F880398F03DC}.Release|Any CPU.ActiveCfg = Release|Any CPU
		{FA14F7D4-9F95-3AA0-DE8E-F880398F03DC}.Release|Any CPU.Build.0 = Release|Any CPU
		{30317620-4B9F-68D0-FFBE-15876F5D2A05}.Debug|Any CPU.ActiveCfg = Debug|Any CPU
		{30317620-4B9F-68D0-FFBE-15876F5D2A05}.Debug|Any CPU.Build.0 = Debug|Any CPU
		{30317620-4B9F-68D0-FFBE-15876F5D2A05}.Release|Any CPU.ActiveCfg = Release|Any CPU
		{30317620-4B9F-68D0-FFBE-15876F5D2A05}.Release|Any CPU.Build.0 = Release|Any CPU
		{421CAEF3-4194-6896-0D74-065A16AA97BB}.Debug|Any CPU.ActiveCfg = Debug|Any CPU
		{421CAEF3-4194-6896-0D74-065A16AA97BB}.Debug|Any CPU.Build.0 = Debug|Any CPU
		{421CAEF3-4194-6896-0D74-065A16AA97BB}.Release|Any CPU.ActiveCfg = Release|Any CPU
		{421CAEF3-4194-6896-0D74-065A16AA97BB}.Release|Any CPU.Build.0 = Release|Any CPU
		{85B39F35-2ACB-DA03-E345-6D2FDB596796}.Debug|Any CPU.ActiveCfg = Debug|Any CPU
		{85B39F35-2ACB-DA03-E345-6D2FDB596796}.Debug|Any CPU.Build.0 = Debug|Any CPU
		{85B39F35-2ACB-DA03-E345-6D2FDB596796}.Release|Any CPU.ActiveCfg = Release|Any CPU
		{85B39F35-2ACB-DA03-E345-6D2FDB596796}.Release|Any CPU.Build.0 = Release|Any CPU
		{54AFFBD8-F54D-469D-8C26-CF079993C9FB}.Debug|Any CPU.ActiveCfg = Debug|Any CPU
		{54AFFBD8-F54D-469D-8C26-CF079993C9FB}.Debug|Any CPU.Build.0 = Debug|Any CPU
		{54AFFBD8-F54D-469D-8C26-CF079993C9FB}.Release|Any CPU.ActiveCfg = Release|Any CPU
		{54AFFBD8-F54D-469D-8C26-CF079993C9FB}.Release|Any CPU.Build.0 = Release|Any CPU
		{AE904C76-76D4-0261-80AD-2192E6386DC1}.Debug|Any CPU.ActiveCfg = Debug|Any CPU
		{AE904C76-76D4-0261-80AD-2192E6386DC1}.Debug|Any CPU.Build.0 = Debug|Any CPU
		{AE904C76-76D4-0261-80AD-2192E6386DC1}.Release|Any CPU.ActiveCfg = Release|Any CPU
		{AE904C76-76D4-0261-80AD-2192E6386DC1}.Release|Any CPU.Build.0 = Release|Any CPU
		{4422B4BA-CC62-9299-BCEF-6CBFFEBF1CD8}.Debug|Any CPU.ActiveCfg = Debug|Any CPU
		{4422B4BA-CC62-9299-BCEF-6CBFFEBF1CD8}.Debug|Any CPU.Build.0 = Debug|Any CPU
		{4422B4BA-CC62-9299-BCEF-6CBFFEBF1CD8}.Release|Any CPU.ActiveCfg = Release|Any CPU
		{4422B4BA-CC62-9299-BCEF-6CBFFEBF1CD8}.Release|Any CPU.Build.0 = Release|Any CPU
		{BEC32EEB-8CEE-AAE3-6FF6-7A64868E36E7}.Debug|Any CPU.ActiveCfg = Debug|Any CPU
		{BEC32EEB-8CEE-AAE3-6FF6-7A64868E36E7}.Debug|Any CPU.Build.0 = Debug|Any CPU
		{BEC32EEB-8CEE-AAE3-6FF6-7A64868E36E7}.Release|Any CPU.ActiveCfg = Release|Any CPU
		{BEC32EEB-8CEE-AAE3-6FF6-7A64868E36E7}.Release|Any CPU.Build.0 = Release|Any CPU
		{9DAAC886-D342-1994-5AE1-61F8C87C47DA}.Debug|Any CPU.ActiveCfg = Debug|Any CPU
		{9DAAC886-D342-1994-5AE1-61F8C87C47DA}.Debug|Any CPU.Build.0 = Debug|Any CPU
		{9DAAC886-D342-1994-5AE1-61F8C87C47DA}.Release|Any CPU.ActiveCfg = Release|Any CPU
		{9DAAC886-D342-1994-5AE1-61F8C87C47DA}.Release|Any CPU.Build.0 = Release|Any CPU
		{9D73B7CE-6569-6E9B-4B8B-E314A7796E90}.Debug|Any CPU.ActiveCfg = Debug|Any CPU
		{9D73B7CE-6569-6E9B-4B8B-E314A7796E90}.Debug|Any CPU.Build.0 = Debug|Any CPU
		{9D73B7CE-6569-6E9B-4B8B-E314A7796E90}.Release|Any CPU.ActiveCfg = Release|Any CPU
		{9D73B7CE-6569-6E9B-4B8B-E314A7796E90}.Release|Any CPU.Build.0 = Release|Any CPU
		{B1B2A4BF-1EA0-79CB-0599-9FB820D17CE0}.Debug|Any CPU.ActiveCfg = Debug|Any CPU
		{B1B2A4BF-1EA0-79CB-0599-9FB820D17CE0}.Debug|Any CPU.Build.0 = Debug|Any CPU
		{B1B2A4BF-1EA0-79CB-0599-9FB820D17CE0}.Release|Any CPU.ActiveCfg = Release|Any CPU
		{B1B2A4BF-1EA0-79CB-0599-9FB820D17CE0}.Release|Any CPU.Build.0 = Release|Any CPU
		{C707B2AC-EF69-5FC1-637A-8BBAEC2C7681}.Debug|Any CPU.ActiveCfg = Debug|Any CPU
		{C707B2AC-EF69-5FC1-637A-8BBAEC2C7681}.Debug|Any CPU.Build.0 = Debug|Any CPU
		{C707B2AC-EF69-5FC1-637A-8BBAEC2C7681}.Release|Any CPU.ActiveCfg = Release|Any CPU
		{C707B2AC-EF69-5FC1-637A-8BBAEC2C7681}.Release|Any CPU.Build.0 = Release|Any CPU
		{49D5FCF2-7DC5-9DEC-3485-6257142E402F}.Debug|Any CPU.ActiveCfg = Debug|Any CPU
		{49D5FCF2-7DC5-9DEC-3485-6257142E402F}.Debug|Any CPU.Build.0 = Debug|Any CPU
		{49D5FCF2-7DC5-9DEC-3485-6257142E402F}.Release|Any CPU.ActiveCfg = Release|Any CPU
		{49D5FCF2-7DC5-9DEC-3485-6257142E402F}.Release|Any CPU.Build.0 = Release|Any CPU
		{821C05B7-AB53-A9BE-B3BE-61B4424EB8CC}.Debug|Any CPU.ActiveCfg = Debug|Any CPU
		{821C05B7-AB53-A9BE-B3BE-61B4424EB8CC}.Debug|Any CPU.Build.0 = Debug|Any CPU
		{821C05B7-AB53-A9BE-B3BE-61B4424EB8CC}.Release|Any CPU.ActiveCfg = Release|Any CPU
		{821C05B7-AB53-A9BE-B3BE-61B4424EB8CC}.Release|Any CPU.Build.0 = Release|Any CPU
		{9E492BAC-C645-F209-DB02-EFE8393092A5}.Debug|Any CPU.ActiveCfg = Debug|Any CPU
		{9E492BAC-C645-F209-DB02-EFE8393092A5}.Debug|Any CPU.Build.0 = Debug|Any CPU
		{9E492BAC-C645-F209-DB02-EFE8393092A5}.Release|Any CPU.ActiveCfg = Release|Any CPU
		{9E492BAC-C645-F209-DB02-EFE8393092A5}.Release|Any CPU.Build.0 = Release|Any CPU
	EndGlobalSection
	GlobalSection(SolutionProperties) = preSolution
		HideSolutionNode = FALSE
	EndGlobalSection
EndGlobal
